version: 6
environments:
  default:
    channels:
    - url: https://conda.anaconda.org/conda-forge/
    options:
      pypi-prerelease-mode: if-necessary-or-explicit
    packages:
      linux-64:
      - conda: https://conda.anaconda.org/conda-forge/linux-64/_openmp_mutex-4.5-20_gnu.conda
      - conda: https://conda.anaconda.org/conda-forge/noarch/bottle-0.12.23-pyhd8ed1ab_0.conda
      - conda: https://conda.anaconda.org/conda-forge/linux-64/brotli-python-1.2.0-py313hf159716_1.conda
      - conda: https://conda.anaconda.org/conda-forge/linux-64/bzip2-1.0.8-hda65f42_9.conda
      - conda: https://conda.anaconda.org/conda-forge/linux-64/c-ares-1.34.8-hb03c661_0.conda
      - conda: https://conda.anaconda.org/conda-forge/noarch/ca-certificates-2026.7.22-hbd8a1cb_0.conda
      - conda: https://conda.anaconda.org/conda-forge/noarch/certifi-2026.7.22-pyhd8ed1ab_0.conda
      - conda: https://conda.anaconda.org/conda-forge/linux-64/cffi-2.1.0-py313hf46b229_0.conda
      - conda: https://conda.anaconda.org/conda-forge/noarch/cfgv-3.5.0-pyhd8ed1ab_0.conda
      - conda: https://conda.anaconda.org/conda-forge/noarch/charset-normalizer-3.4.9-pyhd8ed1ab_0.conda
      - conda: https://conda.anaconda.org/conda-forge/linux-64/cmake-3.31.8-hc85cc9f_0.conda
      - conda: https://conda.anaconda.org/conda-forge/noarch/colorama-0.4.6-pyhd8ed1ab_1.conda
      - conda: https://conda.anaconda.org/conda-forge/noarch/conan-2.31.1-pyhd8ed1ab_0.conda
      - conda: https://conda.anaconda.org/conda-forge/noarch/distlib-0.4.3-pyhcf101f3_0.conda
      - conda: https://conda.anaconda.org/conda-forge/noarch/distro-1.8.0-pyhd8ed1ab_0.conda
      - conda: https://conda.anaconda.org/conda-forge/noarch/fasteners-0.20-pyhd8ed1ab_0.conda
      - conda: https://conda.anaconda.org/conda-forge/noarch/filelock-3.32.2-pyhd8ed1ab_0.conda
      - conda: https://conda.anaconda.org/conda-forge/linux-64/icu-78.3-h54a6638_2.conda
      - conda: https://conda.anaconda.org/conda-forge/noarch/identify-2.6.19-pyhd8ed1ab_0.conda
      - conda: https://conda.anaconda.org/conda-forge/noarch/idna-3.18-pyhcf101f3_0.conda
      - conda: https://conda.anaconda.org/conda-forge/noarch/importlib-metadata-9.0.0-pyhcf101f3_0.conda
      - conda: https://conda.anaconda.org/conda-forge/noarch/jinja2-3.1.6-pyhcf101f3_1.conda
      - conda: https://conda.anaconda.org/conda-forge/linux-64/just-1.57.0-hdab8a38_0.conda
      - conda: https://conda.anaconda.org/conda-forge/linux-64/keyutils-1.6.3-hb9d3cd8_0.conda
      - conda: https://conda.anaconda.org/conda-forge/linux-64/krb5-1.22.2-hbde042b_1.conda
      - conda: https://conda.anaconda.org/conda-forge/linux-64/ld_impl_linux-64-2.46.1-default_hbd61a6d_102.conda
      - conda: https://conda.anaconda.org/conda-forge/linux-64/libcurl-8.21.0-heca4667_4.conda
      - conda: https://conda.anaconda.org/conda-forge/linux-64/libedit-3.1.20250104-pl5321h7949ede_0.conda
      - conda: https://conda.anaconda.org/conda-forge/linux-64/libev-4.33-hd590300_2.conda
      - conda: https://conda.anaconda.org/conda-forge/linux-64/libexpat-2.8.1-hecca717_1.conda
      - conda: https://conda.anaconda.org/conda-forge/linux-64/libffi-3.5.2-h3435931_0.conda
      - conda: https://conda.anaconda.org/conda-forge/linux-64/libgcc-16.1.0-ha9f2e26_1.conda
      - conda: https://conda.anaconda.org/conda-forge/linux-64/libgcc-ng-16.1.0-h69a702a_1.conda
      - conda: https://conda.anaconda.org/conda-forge/linux-64/libgomp-16.1.0-he0feb66_1.conda
      - conda: https://conda.anaconda.org/conda-forge/linux-64/liblzma-5.8.3-hb03c661_0.conda
      - conda: https://conda.anaconda.org/conda-forge/linux-64/libmpdec-4.0.0-hb03c661_1.conda
      - conda: https://conda.anaconda.org/conda-forge/linux-64/libnghttp2-1.68.1-h877daf1_0.conda
      - conda: https://conda.anaconda.org/conda-forge/linux-64/libpsl-0.23.0-hf670292_0.conda
      - conda: https://conda.anaconda.org/conda-forge/linux-64/libsqlite-3.53.4-hf4e2dac_0.conda
      - conda: https://conda.anaconda.org/conda-forge/linux-64/libssh2-1.11.1-hcf80075_0.conda
      - conda: https://conda.anaconda.org/conda-forge/linux-64/libstdcxx-16.1.0-h934c35e_1.conda
      - conda: https://conda.anaconda.org/conda-forge/linux-64/libuuid-2.42.2-h5347b49_0.conda
      - conda: https://conda.anaconda.org/conda-forge/linux-64/libuv-1.52.1-h280c20c_0.conda
      - conda: https://conda.anaconda.org/conda-forge/linux-64/libzlib-1.3.2-h25fd6f3_3.conda
      - conda: https://conda.anaconda.org/conda-forge/linux-64/markupsafe-3.0.3-py313h3dea7bd_1.conda
      - conda: https://conda.anaconda.org/conda-forge/linux-64/ncurses-6.6-hdb14827_0.conda
      - conda: https://conda.anaconda.org/conda-forge/linux-64/ninja-1.13.2-h171cf75_0.conda
      - conda: https://conda.anaconda.org/conda-forge/noarch/nodeenv-1.10.0-pyhd8ed1ab_0.conda
      - conda: https://conda.anaconda.org/conda-forge/linux-64/nodejs-20.20.2-h44b80ee_1.conda
      - conda: https://conda.anaconda.org/conda-forge/linux-64/openssl-3.6.3-h35e630c_0.conda
      - conda: https://conda.anaconda.org/conda-forge/noarch/patch-ng-1.18.1-pyhd8ed1ab_0.conda
      - conda: https://conda.anaconda.org/conda-forge/noarch/pathspec-1.1.1-pyhd8ed1ab_0.conda
      - conda: https://conda.anaconda.org/conda-forge/noarch/platformdirs-4.11.0-pyhcf101f3_0.conda
      - conda: https://conda.anaconda.org/conda-forge/noarch/pluginbase-1.0.1-pyhd8ed1ab_1.conda
      - conda: https://conda.anaconda.org/conda-forge/noarch/pre-commit-3.8.0-pyha770c72_1.conda
      - conda: https://conda.anaconda.org/conda-forge/noarch/pycparser-3.0-pyhcf101f3_0.conda
      - conda: https://conda.anaconda.org/conda-forge/noarch/pyjwt-2.13.0-pyhcf101f3_0.conda
      - conda: https://conda.anaconda.org/conda-forge/noarch/pysocks-1.7.1-pyha55dd90_7.conda
      - conda: https://conda.anaconda.org/conda-forge/linux-64/python-3.13.14-h6add32d_100_cp313.conda
      - conda: https://conda.anaconda.org/conda-forge/noarch/python-dateutil-2.9.0.post0-pyhe01879c_2.conda
      - conda: https://conda.anaconda.org/conda-forge/noarch/python-discovery-1.5.1-pyhcf101f3_0.conda
      - conda: https://conda.anaconda.org/conda-forge/noarch/python_abi-3.13-8_cp313.conda
      - conda: https://conda.anaconda.org/conda-forge/linux-64/pyyaml-6.0.3-py313h3dea7bd_1.conda
      - conda: https://conda.anaconda.org/conda-forge/linux-64/readline-8.3-h853b02a_0.conda
      - conda: https://conda.anaconda.org/conda-forge/noarch/requests-2.34.2-pyhcf101f3_0.conda
      - conda: https://conda.anaconda.org/conda-forge/linux-64/rhash-1.4.6-hb9d3cd8_1.conda
      - conda: https://conda.anaconda.org/conda-forge/noarch/setuptools-83.0.0-pyh332efcf_0.conda
      - conda: https://conda.anaconda.org/conda-forge/linux-64/shellcheck-0.11.0-ha770c72_1.conda
      - conda: https://conda.anaconda.org/conda-forge/noarch/six-1.17.0-pyhe01879c_1.conda
      - conda: https://conda.anaconda.org/conda-forge/linux-64/tk-8.6.13-noxft_hd70dff1_3.conda
      - conda: https://conda.anaconda.org/conda-forge/noarch/typing_extensions-4.16.0-pyhcf101f3_0.conda
      - conda: https://conda.anaconda.org/conda-forge/noarch/tzdata-2026c-h151e31d_0.conda
      - conda: https://conda.anaconda.org/conda-forge/linux-64/ukkonen-1.1.0-py313h7037e92_0.conda
      - conda: https://conda.anaconda.org/conda-forge/noarch/urllib3-1.26.20-pyhd8ed1ab_0.conda
      - conda: https://conda.anaconda.org/conda-forge/noarch/virtualenv-21.7.1-pyhcf101f3_0.conda
      - conda: https://conda.anaconda.org/conda-forge/linux-64/yaml-0.2.5-h280c20c_3.conda
      - conda: https://conda.anaconda.org/conda-forge/noarch/yamllint-1.38.0-pyhcf101f3_1.conda
      - conda: https://conda.anaconda.org/conda-forge/noarch/zipp-4.1.0-pyhcf101f3_0.conda
      - conda: https://conda.anaconda.org/conda-forge/linux-64/zlib-1.3.2-h25fd6f3_3.conda
      - conda: https://conda.anaconda.org/conda-forge/linux-64/zstd-1.5.7-hb78ec9c_6.conda
packages:
- conda: https://conda.anaconda.org/conda-forge/linux-64/_openmp_mutex-4.5-20_gnu.conda
  build_number: 20
  sha256: 1dd3fffd892081df9726d7eb7e0dea6198962ba775bd88842135a4ddb4deb3c9
  md5: a9f577daf3de00bca7c3c76c0ecbd1de
  depends:
  - __glibc >=2.17,<3.0.a0
  - libgomp >=7.5.0
  constrains:
  - openmp_impl <0.0a0
  license: BSD-3-Clause
  license_family: BSD
  size: 28948
  timestamp: 1770939786096
- conda: https://conda.anaconda.org/conda-forge/noarch/bottle-0.12.23-pyhd8ed1ab_0.conda
  sha256: 4f6762c983b15413aa2d46ade22903a2a6af903bec2d934a7a24e9e54bc8174b
  md5: f2a23cc207750e042ad93e2baa6008b4
  depends:
  - python >=3.6
  license: MIT
  license_family: MIT
  size: 47580
  timestamp: 1669764323720
- conda: https://conda.anaconda.org/conda-forge/linux-64/brotli-python-1.2.0-py313hf159716_1.conda
  sha256: dadec2879492adede0a9af0191203f9b023f788c18efd45ecac676d424c458ae
  md5: 6c4d3597cf43f3439a51b2b13e29a4ba
  depends:
  - __glibc >=2.17,<3.0.a0
  - libgcc >=14
  - libstdcxx >=14
  - python >=3.13,<3.14.0a0
  - python_abi 3.13.* *_cp313
  constrains:
  - libbrotlicommon 1.2.0 hb03c661_1
  license: MIT
  license_family: MIT
  size: 367721
  timestamp: 1764017371123
- conda: https://conda.anaconda.org/conda-forge/linux-64/bzip2-1.0.8-hda65f42_9.conda
  sha256: 0b75d45f0bba3e95dc693336fa51f40ea28c980131fec438afb7ce6118ed05f6
  md5: d2ffd7602c02f2b316fd921d39876885
  depends:
  - __glibc >=2.17,<3.0.a0
  - libgcc >=14
  license: bzip2-1.0.6
  license_family: BSD
  size: 260182
  timestamp: 1771350215188
- conda: https://conda.anaconda.org/conda-forge/linux-64/c-ares-1.34.8-hb03c661_0.conda
  sha256: dee93a82d045f9aa8277829aa465224afa3c7a6ac18388de66099b2be7f705e7
  md5: 6130ad6705adc993b5d8482b7f66e01f
  depends:
  - __glibc >=2.17,<3.0.a0
  - libgcc >=14
  license: MIT
  license_family: MIT
  size: 210929
  timestamp: 1784091008551
- conda: https://conda.anaconda.org/conda-forge/noarch/ca-certificates-2026.7.22-hbd8a1cb_0.conda
  sha256: 0a0544cf95f64394fe4959286f5c71f5444ad58feb0602e53becb27448d24da6
  md5: 0f51e2391ade309db462a55611263e9c
  depends:
  - __unix
  license: ISC
  size: 131780
  timestamp: 1784754889428
- conda: https://conda.anaconda.org/conda-forge/noarch/certifi-2026.7.22-pyhd8ed1ab_0.conda
  sha256: fb167de4388e64e52aa3907ed099afab944c1fa6e5f74b281a312dae1bcf7f3b
  md5: 37e13edbe3b48f1095a9d085ef9cd83b
  depends:
  - python >=3.10
  license: ISC
  size: 137015
  timestamp: 1784717699092
- conda: https://conda.anaconda.org/conda-forge/linux-64/cffi-2.1.0-py313hf46b229_0.conda
  sha256: 8f8ee27b9f450fb2a2b568356d19c812ec4a511fe6f2042c1f0a04f2fa425fb9
  md5: 575efaa378a66d0f2c6891092267edf7
  depends:
  - __glibc >=2.17,<3.0.a0
  - libffi >=3.5.2,<3.6.0a0
  - libgcc >=14
  - pycparser
  - python >=3.13,<3.14.0a0
  - python_abi 3.13.* *_cp313
  license: MIT
  license_family: MIT
  size: 304647
  timestamp: 1783424174920
- conda: https://conda.anaconda.org/conda-forge/noarch/cfgv-3.5.0-pyhd8ed1ab_0.conda
  sha256: aa589352e61bb221351a79e5946d56916e3c595783994884accdb3b97fe9d449
  md5: 381bd45fb7aa032691f3063aff47e3a1
  depends:
  - python >=3.10
  license: MIT
  license_family: MIT
  size: 13589
  timestamp: 1763607964133
- conda: https://conda.anaconda.org/conda-forge/noarch/charset-normalizer-3.4.9-pyhd8ed1ab_0.conda
  sha256: 8d8813ef655b4e75e4fb897abd83ad548882efad7b4e836b021b797f42780799
  md5: d154b40b109e503430979e8a8d099eaf
  depends:
  - python >=3.10
  license: MIT
  license_family: MIT
  size: 61418
  timestamp: 1783505332569
- conda: https://conda.anaconda.org/conda-forge/linux-64/cmake-3.31.8-hc85cc9f_0.conda
  sha256: 10660ed21b9d591f8306028bd36212467b94f23bc2f78faec76524f6ee592613
  md5: 057e16a12847eea846ecf99710d3591b
  depends:
  - __glibc >=2.17,<3.0.a0
  - bzip2 >=1.0.8,<2.0a0
  - libcurl >=8.14.1,<9.0a0
  - libexpat >=2.7.1,<3.0a0
  - libgcc >=14
  - liblzma >=5.8.1,<6.0a0
  - libstdcxx >=14
  - libuv >=1.51.0,<2.0a0
  - libzlib >=1.3.1,<2.0a0
  - ncurses >=6.5,<7.0a0
  - rhash >=1.4.6,<2.0a0
  - zstd >=1.5.7,<1.6.0a0
  license: BSD-3-Clause
  license_family: BSD
  size: 20991288
  timestamp: 1757877168657
- conda: https://conda.anaconda.org/conda-forge/noarch/colorama-0.4.6-pyhd8ed1ab_1.conda
  sha256: ab29d57dc70786c1269633ba3dff20288b81664d3ff8d21af995742e2bb03287
  md5: 962b9857ee8e7018c22f2776ffa0b2d7
  depends:
  - python >=3.9
  license: BSD-3-Clause
  license_family: BSD
  size: 27011
  timestamp: 1733218222191
- conda: https://conda.anaconda.org/conda-forge/noarch/conan-2.31.1-pyhd8ed1ab_0.conda
  sha256: 011e3801b572a3e1f15ccda1ef2f755de7ad4dc2d7b1f5e16358c28174c97280
  md5: 7835319b6dd4f6fc40d5607cac278760
  depends:
  - bottle >=0.12.8,<0.13
  - colorama >=0.4.3,<0.5.0
  - distro >=1.4.0,<=1.8.0
  - fasteners >=0.15
  - jinja2 >=3.0,<4.0.0
  - patch-ng >=1.18.0,<1.19
  - pluginbase >=0.5
  - pyjwt >=2.4.0,<3.0.0
  - python >=3.10
  - python-dateutil >=2.8.0,<3
  - pyyaml >=6.0,<7.0
  - requests >=2.25,<3.0.0
  - urllib3 >=1.26.6,<1.27
  license: MIT
  license_family: MIT
  size: 486573
  timestamp: 1784928492689
- conda: https://conda.anaconda.org/conda-forge/noarch/distlib-0.4.3-pyhcf101f3_0.conda
  sha256: e2753997b8bd34205f42be01b8bab8037423dc30c02a1ec12de23e5b4c0b0a2e
  md5: 58638f77697c4f6726753eb8be34818b
  depends:
  - python >=3.10
  - python
  license: Apache-2.0
  license_family: APACHE
  size: 303705
  timestamp: 1781320269259
- conda: https://conda.anaconda.org/conda-forge/noarch/distro-1.8.0-pyhd8ed1ab_0.conda
  sha256: 0d01c4da6d4f0a935599210f82ac0630fa9aeb4fc37cbbc78043a932a39ec4f3
  md5: 67999c5465064480fa8016d00ac768f6
  depends:
  - python >=3.6
  license: Apache-2.0
  license_family: APACHE
  size: 40854
  timestamp: 1675116355989
- conda: https://conda.anaconda.org/conda-forge/noarch/fasteners-0.20-pyhd8ed1ab_0.conda
  sha256: dc8a5ae5f8c410a14ba762eb132b28a72dfebb674e3675fd5255d740e12f7383
  md5: 11445cf1b9a9114b82a7dc9f0cd036ec
  depends:
  - python >=3.9
  license: Apache-2.0
  license_family: APACHE
  size: 25160
  timestamp: 1782389380946
- conda: https://conda.anaconda.org/conda-forge/noarch/filelock-3.32.2-pyhd8ed1ab_0.conda
  sha256: 5476fe77cc2f59389dd348135462892dc20f42114301221648df90a6e9650186
  md5: 977e2b00d5329b6d56ebe94ae1f4b67c
  depends:
  - python >=3.10
  license: Unlicense
  size: 77939
  timestamp: 1785376409053
- conda: https://conda.anaconda.org/conda-forge/linux-64/icu-78.3-h54a6638_2.conda
  sha256: d7c260b7e1cf22ce04d6ba8a86eabf4e6c50bc96a5c27fe2ecb32298af3e88eb
  md5: 4ef4b977bb216a3001a3334696a80850
  depends:
  - libstdcxx >=14
  - libgcc >=14
  - __glibc >=2.17,<3.0.a0
  license: MIT
  license_family: MIT
  size: 14455340
  timestamp: 1784916378180
- conda: https://conda.anaconda.org/conda-forge/noarch/identify-2.6.19-pyhd8ed1ab_0.conda
  sha256: 381cedccf0866babfc135d65ee40b778bd20e927d2a5ec810f750c5860a7c5b8
  md5: 84a3233b709a289a4ddd7a2fd27dd988
  depends:
  - python >=3.10
  - ukkonen
  license: MIT
  license_family: MIT
  size: 79757
  timestamp: 1776455344188
- conda: https://conda.anaconda.org/conda-forge/noarch/idna-3.18-pyhcf101f3_0.conda
  sha256: c75632ea624aa450a394f570749420c5a2e0997d0216bc29d5d45b0f39df0426
  md5: 577b04680ae422adb86fc60d7b940659
  depends:
  - python >=3.10
  - python
  license: BSD-3-Clause
  license_family: BSD
  size: 163869
  timestamp: 1781620148226
- conda: https://conda.anaconda.org/conda-forge/noarch/importlib-metadata-9.0.0-pyhcf101f3_0.conda
  sha256: 43e2a5497cad1598ff88a3e69f69bc88b7b8f141fa63c60eab5db296317318b8
  md5: ffc17e785d64e12fc311af9184221839
  depends:
  - python >=3.10
  - zipp >=3.20
  - python
  license: Apache-2.0
  license_family: APACHE
  size: 34766
  timestamp: 1779714582554
- conda: https://conda.anaconda.org/conda-forge/noarch/jinja2-3.1.6-pyhcf101f3_1.conda
  sha256: fc9ca7348a4f25fed2079f2153ecdcf5f9cf2a0bc36c4172420ca09e1849df7b
  md5: 04558c96691bed63104678757beb4f8d
  depends:
  - markupsafe >=2.0
  - python >=3.10
  - python
  license: BSD-3-Clause
  license_family: BSD
  size: 120685
  timestamp: 1764517220861
- conda: https://conda.anaconda.org/conda-forge/linux-64/just-1.57.0-hdab8a38_0.conda
  sha256: c0d760dfec1ba13b43057ca5fe7aea61cf5577a766c39c6f6ae26527ed9520c7
  md5: 2ca0c26fd1d313d0009abfa7d67a4dba
  depends:
  - __glibc >=2.17,<3.0.a0
  - libgcc >=14
  constrains:
  - __glibc >=2.17
  license: CC0-1.0
  size: 1821258
  timestamp: 1784445660200
- conda: https://conda.anaconda.org/conda-forge/linux-64/keyutils-1.6.3-hb9d3cd8_0.conda
  sha256: 0960d06048a7185d3542d850986d807c6e37ca2e644342dd0c72feefcf26c2a4
  md5: b38117a3c920364aff79f870c984b4a3
  depends:
  - __glibc >=2.17,<3.0.a0
  - libgcc >=13
  license: LGPL-2.1-or-later
  size: 134088
  timestamp: 1754905959823
- conda: https://conda.anaconda.org/conda-forge/linux-64/krb5-1.22.2-hbde042b_1.conda
  sha256: 9b07046870772f28740e3f6149f09ff222843733087a33c5540b169c6289652d
  md5: 54157a1c8c0bb70f62dd0b17fba7e7f2
  depends:
  - __glibc >=2.17,<3.0.a0
  - keyutils >=1.6.3,<2.0a0
  - libedit >=3.1.20250104,<3.2.0a0
  - libedit >=3.1.20250104,<4.0a0
  - libgcc >=14
  - libstdcxx >=14
  - openssl >=3.5.7,<4.0a0
  license: MIT
  license_family: MIT
  size: 1388990
  timestamp: 1781859420533
- conda: https://conda.anaconda.org/conda-forge/linux-64/ld_impl_linux-64-2.46.1-default_hbd61a6d_102.conda
  sha256: 27d83f1188cd19bcb7754a078b3fa7f4cfb8527f8eb2fde54dd01fc529d1adec
  md5: 449500f2c089da11c40f5c21312e3e07
  depends:
  - __glibc >=2.17,<3.0.a0
  - zstd >=1.5.7,<1.6.0a0
  constrains:
  - binutils_impl_linux-64 2.46.1
  license: GPL-3.0-only
  license_family: GPL
  size: 745303
  timestamp: 1784214507189
- conda: https://conda.anaconda.org/conda-forge/linux-64/libcurl-8.21.0-heca4667_4.conda
  sha256: aff8ef75636d0825ce34911e0bef2f26816e7afd090a9dcb4b9bacab75cbf584
  md5: 3f2fd5617cfacac49c85f6dc63842ea1
  depends:
  - __glibc >=2.17,<3.0.a0
  - krb5 >=1.22.2,<1.23.0a0
  - libgcc >=14
  - libnghttp2 >=1.68.1,<2.0a0
  - libpsl >=0.23.0,<0.24.0a0
  - libssh2 >=1.11.1,<2.0a0
  - libzlib >=1.3.2,<2.0a0
  - openssl >=3.5.7,<4.0a0
  - zstd >=1.5.7,<1.6.0a0
  license: curl
  license_family: MIT
  size: 480565
  timestamp: 1785500108494
- conda: https://conda.anaconda.org/conda-forge/linux-64/libedit-3.1.20250104-pl5321h7949ede_0.conda
  sha256: d789471216e7aba3c184cd054ed61ce3f6dac6f87a50ec69291b9297f8c18724
  md5: c277e0a4d549b03ac1e9d6cbbe3d017b
  depends:
  - ncurses
  - __glibc >=2.17,<3.0.a0
  - libgcc >=13
  - ncurses >=6.5,<7.0a0
  license: BSD-2-Clause
  license_family: BSD
  size: 134676
  timestamp: 1738479519902
- conda: https://conda.anaconda.org/conda-forge/linux-64/libev-4.33-hd590300_2.conda
  sha256: 1cd6048169fa0395af74ed5d8f1716e22c19a81a8a36f934c110ca3ad4dd27b4
  md5: 172bf1cd1ff8629f2b1179945ed45055
  depends:
  - libgcc-ng >=12
  license: BSD-2-Clause
  license_family: BSD
  size: 112766
  timestamp: 1702146165126
- conda: https://conda.anaconda.org/conda-forge/linux-64/libexpat-2.8.1-hecca717_1.conda
  sha256: 16feffd9ddbbe5b718515d38ee376c685ba95491cd901244e24671d20b952a77
  md5: b24d3c612f71e7aa74158d92106318b2
  depends:
  - __glibc >=2.17,<3.0.a0
  - libgcc >=14
  constrains:
  - expat 2.8.1.*
  license: MIT
  license_family: MIT
  size: 77856
  timestamp: 1781203599810
- conda: https://conda.anaconda.org/conda-forge/linux-64/libffi-3.5.2-h3435931_0.conda
  sha256: 31f19b6a88ce40ebc0d5a992c131f57d919f73c0b92cd1617a5bec83f6e961e6
  md5: a360c33a5abe61c07959e449fa1453eb
  depends:
  - __glibc >=2.17,<3.0.a0
  - libgcc >=14
  license: MIT
  license_family: MIT
  size: 58592
  timestamp: 1769456073053
- conda: https://conda.anaconda.org/conda-forge/linux-64/libgcc-16.1.0-ha9f2e26_1.conda
  sha256: d5cb8475131c31680f8fd30512c418f373064e272e452063276a8fb14c9fa42f
  md5: 5a7d954665c707c93311657cd779c705
  depends:
  - __glibc >=2.17,<3.0.a0
  - _openmp_mutex >=4.5
  constrains:
  - libgomp 16.1.0 he0feb66_1
  - libgcc-ng ==16.1.0=*_1
  license: GPL-3.0-only WITH GCC-exception-3.1
  size: 1057877
  timestamp: 1785375436766
- conda: https://conda.anaconda.org/conda-forge/linux-64/libgcc-ng-16.1.0-h69a702a_1.conda
  sha256: 225275c562337a1cd61705da0ee4235dde7bba7504de1c34b74c894adb2b0eee
  md5: 7ed870c014a6f23c7dfafda53d2763a9
  depends:
  - libgcc 16.1.0 ha9f2e26_1
  license: GPL-3.0-only WITH GCC-exception-3.1
  size: 28210
  timestamp: 1785375440733
- conda: https://conda.anaconda.org/conda-forge/linux-64/libgomp-16.1.0-he0feb66_1.conda
  sha256: 62cb599ad0539d99386515326d9d5e8f51f75a60c69c2131b21df76edf35bd89
  md5: 88f2d91cb1533194c323534253094d23
  depends:
  - __glibc >=2.17,<3.0.a0
  license: GPL-3.0-only WITH GCC-exception-3.1
  size: 640415
  timestamp: 1785375373755
- conda: https://conda.anaconda.org/conda-forge/linux-64/liblzma-5.8.3-hb03c661_0.conda
  sha256: ec30e52a3c1bf7d0425380a189d209a52baa03f22fb66dd3eb587acaa765bd6d
  md5: b88d90cad08e6bc8ad540cb310a761fb
  depends:
  - __glibc >=2.17,<3.0.a0
  - libgcc >=14
  constrains:
  - xz 5.8.3.*
  license: 0BSD
  size: 113478
  timestamp: 1775825492909
- conda: https://conda.anaconda.org/conda-forge/linux-64/libmpdec-4.0.0-hb03c661_1.conda
  sha256: fe171ed5cf5959993d43ff72de7596e8ac2853e9021dec0344e583734f1e0843
  md5: 2c21e66f50753a083cbe6b80f38268fa
  depends:
  - __glibc >=2.17,<3.0.a0
  - libgcc >=14
  license: BSD-2-Clause
  license_family: BSD
  size: 92400
  timestamp: 1769482286018
- conda: https://conda.anaconda.org/conda-forge/linux-64/libnghttp2-1.68.1-h877daf1_0.conda
  sha256: 663444d77a42f2265f54fb8b48c5450bfff4388d9c0f8253dd7855f0d993153f
  md5: 2a45e7f8af083626f009645a6481f12d
  depends:
  - __glibc >=2.17,<3.0.a0
  - c-ares >=1.34.6,<2.0a0
  - libev >=4.33,<4.34.0a0
  - libev >=4.33,<5.0a0
  - libgcc >=14
  - libstdcxx >=14
  - libzlib >=1.3.1,<2.0a0
  - openssl >=3.5.5,<4.0a0
  license: MIT
  license_family: MIT
  size: 663344
  timestamp: 1773854035739
- conda: https://conda.anaconda.org/conda-forge/linux-64/libpsl-0.23.0-hf670292_0.conda
  sha256: bbb184b81f28a868528b05a81db2448a232a762e47c983330d57b98e1211ae32
  md5: 075e9aafb806c06f190e4757506d2631
  depends:
  - libgcc >=14
  - libstdcxx >=14
  - __glibc >=2.17,<3.0.a0
  - icu >=78.3,<79.0a0
  license: MIT
  license_family: MIT
  size: 72585
  timestamp: 1785426713969
- conda: https://conda.anaconda.org/conda-forge/linux-64/libsqlite-3.53.4-hf4e2dac_0.conda
  sha256: 72023efc207fe681e26b65fc9d668062cf0b4f0eacf3431e6eb099b95c1f2efd
  md5: df088a279cd5e6fd2790b4c196434da1
  depends:
  - __glibc >=2.17,<3.0.a0
  - icu >=78.3,<79.0a0
  - libgcc >=14
  - libzlib >=1.3.2,<2.0a0
  license: blessing
  size: 964200
  timestamp: 1785016112246
- conda: https://conda.anaconda.org/conda-forge/linux-64/libssh2-1.11.1-hcf80075_0.conda
  sha256: fa39bfd69228a13e553bd24601332b7cfeb30ca11a3ca50bb028108fe90a7661
  md5: eecce068c7e4eddeb169591baac20ac4
  depends:
  - __glibc >=2.17,<3.0.a0
  - libgcc >=13
  - libzlib >=1.3.1,<2.0a0
  - openssl >=3.5.0,<4.0a0
  license: BSD-3-Clause
  license_family: BSD
  size: 304790
  timestamp: 1745608545575
- conda: https://conda.anaconda.org/conda-forge/linux-64/libstdcxx-16.1.0-h934c35e_1.conda
  sha256: 79721dd08aeb0ab9e773f1f9ef41cf4e6c17477e3d72319147619045bce05a09
  md5: aed6cf89adc1e9b846e4367ac538e434
  depends:
  - __glibc >=2.17,<3.0.a0
  - libgcc 16.1.0 ha9f2e26_1
  constrains:
  - libstdcxx-ng ==16.1.0=*_1
  license: GPL-3.0-only WITH GCC-exception-3.1
  size: 6631744
  timestamp: 1785375462643
- conda: https://conda.anaconda.org/conda-forge/linux-64/libuuid-2.42.2-h5347b49_0.conda
  sha256: 9b1bdce27a7e31f7d241aeecff67a1f3101d52a2b1e33ccc2cdf2613072bf81f
  md5: 01bb81d12c957de066ea7362007df642
  depends:
  - libgcc >=14
  - __glibc >=2.17,<3.0.a0
  license: BSD-3-Clause
  license_family: BSD
  size: 40017
  timestamp: 1781625522462
- conda: https://conda.anaconda.org/conda-forge/linux-64/libuv-1.52.1-h280c20c_0.conda
  sha256: e28e4519223f78b3163599ca89c3f2d80bfb53e907e7fc74e806e60d1efa578b
  md5: 4e33d49bf4fc853855a3b00643aa5484
  depends:
  - libgcc >=14
  - __glibc >=2.17,<3.0.a0
  license: MIT
  license_family: MIT
  size: 419935
  timestamp: 1779396012261
- conda: https://conda.anaconda.org/conda-forge/linux-64/libzlib-1.3.2-h25fd6f3_3.conda
  sha256: eb8a0db0aa570124f7d2a93d7c7f596e3390df5e047818d873baad32985fc736
  md5: 0de0122d9570a8ab637c6b73db268389
  depends:
  - __glibc >=2.17,<3.0.a0
  constrains:
  - zlib 1.3.2 *_3
  license: Zlib
  license_family: Other
  size: 63713
  timestamp: 1785362952714
- conda: https://conda.anaconda.org/conda-forge/linux-64/markupsafe-3.0.3-py313h3dea7bd_1.conda
  sha256: 72ed7c0216541d65a17b171bf2eec4a3b81e9158d8ed48e59e1ecd3ae302d263
  md5: aeb9b9da79fd0258b3db091d1fefcd71
  depends:
  - __glibc >=2.17,<3.0.a0
  - libgcc >=14
  - python >=3.13,<3.14.0a0
  - python_abi 3.13.* *_cp313
  constrains:
  - jinja2 >=3.0.0
  license: BSD-3-Clause
  license_family: BSD
  size: 26100
  timestamp: 1772445154165
- conda: https://conda.anaconda.org/conda-forge/linux-64/ncurses-6.6-hdb14827_0.conda
  sha256: fc89f74bbe362fb29fa3c037697a89bec140b346a2469a90f7936d1d7ea4d8a3
  md5: fc21868a1a5aacc937e7a18747acb8a5
  depends:
  - __glibc >=2.17,<3.0.a0
  - libgcc >=14
  license: X11 AND BSD-3-Clause
  size: 918956
  timestamp: 1777422145199
- conda: https://conda.anaconda.org/conda-forge/linux-64/ninja-1.13.2-h171cf75_0.conda
  sha256: 6f7d59dbec0a7b00bf5d103a4306e8886678b796ff2151b62452d4582b2a53fb
  md5: b518e9e92493721281a60fa975bddc65
  depends:
  - libstdcxx >=14
  - libgcc >=14
  - __glibc >=2.17,<3.0.a0
  license: Apache-2.0
  license_family: APACHE
  size: 186323
  timestamp: 1763688260928
- conda: https://conda.anaconda.org/conda-forge/noarch/nodeenv-1.10.0-pyhd8ed1ab_0.conda
  sha256: 4fa40e3e13fc6ea0a93f67dfc76c96190afd7ea4ffc1bac2612d954b42cdc3ee
  md5: eb52d14a901e23c39e9e7b4a1a5c015f
  depends:
  - python >=3.10
  - setuptools
  license: BSD-3-Clause
  license_family: BSD
  size: 40866
  timestamp: 1766261270149
- conda: https://conda.anaconda.org/conda-forge/linux-64/nodejs-20.20.2-h44b80ee_1.conda
  sha256: ec1189785e9a5201b051643b974ff8611ec7caaea9f26748577ac77a0d4d7839
  md5: 0022b6d3b459372b6cce6fc9d973adf3
  depends:
  - __glibc >=2.17,<3.0.a0
  - icu >=78.3,<79.0a0
  - libgcc >=14
  - libstdcxx >=14
  - libuv >=1.52.1,<2.0a0
  - libzlib >=1.3.2,<2.0a0
  - openssl >=3.5.7,<4.0a0
  - zlib
  license: MIT
  license_family: MIT
  size: 17429179
  timestamp: 1782214175491
- conda: https://conda.anaconda.org/conda-forge/linux-64/openssl-3.6.3-h35e630c_0.conda
  sha256: d48f5c22b9897c01e4dff3680f1f57ceb02711ab9c62f74339b080419dfad34b
  md5: 79dd2074b5cd5c5c6b2930514a11e22d
  depends:
  - __glibc >=2.17,<3.0.a0
  - ca-certificates
  - libgcc >=14
  license: Apache-2.0
  license_family: Apache
  size: 3159683
  timestamp: 1781069855778
- conda: https://conda.anaconda.org/conda-forge/noarch/patch-ng-1.18.1-pyhd8ed1ab_0.conda
  sha256: d47e9d6db7e1d4fcedfdb2ba82e793f39f79c0eb66eb602f46decde79becd79e
  md5: dc5638ae55efba309714557759713e03
  depends:
  - python >=3.9
  license: MIT
  license_family: MIT
  size: 22023
  timestamp: 1734746582395
- conda: https://conda.anaconda.org/conda-forge/noarch/pathspec-1.1.1-pyhd8ed1ab_0.conda
  sha256: 6eaee417d33f298db79bc7185ab1208604c0e6cf51dade34cd513c6f9db9c6f3
  md5: 11adc78451c998c0fd162584abfa3559
  depends:
  - python >=3.10
  license: MPL-2.0
  license_family: MOZILLA
  size: 56559
  timestamp: 1777271601895
- conda: https://conda.anaconda.org/conda-forge/noarch/platformdirs-4.11.0-pyhcf101f3_0.conda
  sha256: a4b8c7d3b3703d10f93187986d59aec09b22033978945845899beb7f849a7be6
  md5: 1fadaa6dd1d03d062075f84157ac2cc7
  depends:
  - python >=3.10
  - python
  license: MIT
  license_family: MIT
  size: 26632
  timestamp: 1784661349391
- conda: https://conda.anaconda.org/conda-forge/noarch/pluginbase-1.0.1-pyhd8ed1ab_1.conda
  sha256: aa94f1212029ef80638e86b970920cefca1f979fe4c7def59e1f950f95840ed9
  md5: ebb5d42dc046c334addb40c96145bc28
  depends:
  - python >=3.9
  license: BSD-3-Clause
  license_family: BSD
  size: 13509
  timestamp: 1734979293862
- conda: https://conda.anaconda.org/conda-forge/noarch/pre-commit-3.8.0-pyha770c72_1.conda
  sha256: c2b964c86b2cd00e494093d751b1f8697b3c4bf924ff70648387af161444cc82
  md5: 004cff3a7f6fafb0a041fb575de85185
  depends:
  - cfgv >=2.0.0
  - identify >=1.0.0
  - nodeenv >=0.11.1
  - python >=3.9
  - pyyaml >=5.1
  - virtualenv >=20.10.0
  license: MIT
  license_family: MIT
  size: 180526
  timestamp: 1725795837882
- conda: https://conda.anaconda.org/conda-forge/noarch/pycparser-3.0-pyhcf101f3_0.conda
  sha256: e27e0473fc6723311a0bd48b89b616fa1b996a2f7a2b555338cbbcfb9c640568
  md5: 9c5491066224083c41b6d5635ed7107b
  depends:
  - python >=3.10
  - python
  license: BSD-3-Clause
  license_family: BSD
  size: 55886
  timestamp: 1779293633166
- conda: https://conda.anaconda.org/conda-forge/noarch/pyjwt-2.13.0-pyhcf101f3_0.conda
  sha256: 58cda7489477fecb859ec95bf73cba7e4634db1a517e29e0d3086d7ec71733ae
  md5: edb808d7f7396478ab6e457e697b8ec5
  depends:
  - python >=3.10
  - typing_extensions >=4.0
  - python
  constrains:
  - cryptography >=3.4.0
  license: MIT
  license_family: MIT
  size: 33417
  timestamp: 1779400286454
- conda: https://conda.anaconda.org/conda-forge/noarch/pysocks-1.7.1-pyha55dd90_7.conda
  sha256: ba3b032fa52709ce0d9fd388f63d330a026754587a2f461117cac9ab73d8d0d8
  md5: 461219d1a5bd61342293efa2c0c90eac
  depends:
  - __unix
  - python >=3.9
  license: BSD-3-Clause
  license_family: BSD
  size: 21085
  timestamp: 1733217331982
- conda: https://conda.anaconda.org/conda-forge/linux-64/python-3.13.14-h6add32d_100_cp313.conda
  build_number: 100
  sha256: f2146aff59ce4b571a8f1d1acf94f9bed6cc18ab5632d7dcc940fb48ecdeef99
  md5: 93762cd272814a142cf21d794f8fb0c1
  depends:
  - __glibc >=2.17,<3.0.a0
  - bzip2 >=1.0.8,<2.0a0
  - ld_impl_linux-64 >=2.36.1
  - libexpat >=2.8.1,<3.0a0
  - libffi >=3.5.2,<3.6.0a0
  - libgcc >=14
  - liblzma >=5.8.3,<6.0a0
  - libmpdec >=4.0.0,<5.0a0
  - libsqlite >=3.53.2,<4.0a0
  - libuuid >=2.42.1,<3.0a0
  - libzlib >=1.3.2,<2.0a0
  - ncurses >=6.6,<7.0a0
  - openssl >=3.5.7,<4.0a0
  - python_abi 3.13.* *_cp313
  - readline >=8.3,<9.0a0
  - tk >=8.6.13,<8.7.0a0
  - tzdata
  license: Python-2.0
  size: 37398694
  timestamp: 1781258934574
  python_site_packages_path: lib/python3.13/site-packages
- conda: https://conda.anaconda.org/conda-forge/noarch/python-dateutil-2.9.0.post0-pyhe01879c_2.conda
  sha256: d6a17ece93bbd5139e02d2bd7dbfa80bee1a4261dced63f65f679121686bf664
  md5: 5b8d21249ff20967101ffa321cab24e8
  depends:
  - python >=3.9
  - six >=1.5
  - python
  license: Apache-2.0
  license_family: APACHE
  size: 233310
  timestamp: 1751104122689
- conda: https://conda.anaconda.org/conda-forge/noarch/python-discovery-1.5.1-pyhcf101f3_0.conda
  sha256: df1023b39a323a753963f5f50028f0ded0385f37752a800105451463e64f597c
  md5: 5fd6bf90409294513b84439f6c184ff2
  depends:
  - python >=3.10
  - filelock >=3.15.4
  - platformdirs <5,>=4.3.6
  - python
  license: MIT
  size: 37229
  timestamp: 1785577890125
- conda: https://conda.anaconda.org/conda-forge/noarch/python_abi-3.13-8_cp313.conda
  build_number: 8
  sha256: 210bffe7b121e651419cb196a2a63687b087497595c9be9d20ebe97dd06060a7
  md5: 94305520c52a4aa3f6c2b1ff6008d9f8
  constrains:
  - python 3.13.* *_cp313
  license: BSD-3-Clause
  license_family: BSD
  size: 7002
  timestamp: 1752805902938
- conda: https://conda.anaconda.org/conda-forge/linux-64/pyyaml-6.0.3-py313h3dea7bd_1.conda
  sha256: ef7df29b38ef04ec67a8888a4aa039973eaa377e8c4b59a7be0a1c50cd7e4ac6
  md5: f256753e840c3cd3766488c9437a8f8b
  depends:
  - __glibc >=2.17,<3.0.a0
  - libgcc >=14
  - python >=3.13,<3.14.0a0
  - python_abi 3.13.* *_cp313
  - yaml >=0.2.5,<0.3.0a0
  license: MIT
  license_family: MIT
  size: 201616
  timestamp: 1770223543730
- conda: https://conda.anaconda.org/conda-forge/linux-64/readline-8.3-h853b02a_0.conda
  sha256: 12ffde5a6f958e285aa22c191ca01bbd3d6e710aa852e00618fa6ddc59149002
  md5: d7d95fc8287ea7bf33e0e7116d2b95ec
  depends:
  - __glibc >=2.17,<3.0.a0
  - libgcc >=14
  - ncurses >=6.5,<7.0a0
  license: GPL-3.0-only
  license_family: GPL
  size: 345073
  timestamp: 1765813471974
- conda: https://conda.anaconda.org/conda-forge/noarch/requests-2.34.2-pyhcf101f3_0.conda
  sha256: 1715246b19c9f85ee022933b4845f2fc14ac9184981b7b7d9b728bec8e9588da
  md5: 4a85203c1d80c1059086ae860836ffb9
  depends:
  - python >=3.10
  - certifi >=2023.5.7
  - charset-normalizer >=2,<4
  - idna >=2.5,<4
  - urllib3 >=1.26,<3
  - python
  constrains:
  - chardet >=3.0.2,<8
  license: Apache-2.0
  license_family: APACHE
  size: 68709
  timestamp: 1778851103479
- conda: https://conda.anaconda.org/conda-forge/linux-64/rhash-1.4.6-hb9d3cd8_1.conda
  sha256: d5c73079c1dd2c2a313c3bfd81c73dbd066b7eb08d213778c8bff520091ae894
  md5: c1c9b02933fdb2cfb791d936c20e887e
  depends:
  - __glibc >=2.17,<3.0.a0
  - libgcc >=13
  license: MIT
  license_family: MIT
  size: 193775
  timestamp: 1748644872902
- conda: https://conda.anaconda.org/conda-forge/noarch/setuptools-83.0.0-pyh332efcf_0.conda
  sha256: 48a9f96016505debadfc67f06de7ac548decbc38d327409b24b0432ef6f16335
  md5: 6bf6acbab2499830180ec88c3aff2fa4
  depends:
  - python >=3.10
  license: MIT
  license_family: MIT
  size: 642081
  timestamp: 1783619174976
- conda: https://conda.anaconda.org/conda-forge/linux-64/shellcheck-0.11.0-ha770c72_1.conda
  sha256: 09335c4ce927c3c47ffbe4f13c18b21cc0bf7b661dba8f7caba699f9e9f26bf3
  md5: 59f8f9cfb1dc2f62abdca662823e052a
  license: GPL-3.0-only
  license_family: GPL
  size: 2759145
  timestamp: 1771524222969
- conda: https://conda.anaconda.org/conda-forge/noarch/six-1.17.0-pyhe01879c_1.conda
  sha256: 458227f759d5e3fcec5d9b7acce54e10c9e1f4f4b7ec978f3bfd54ce4ee9853d
  md5: 3339e3b65d58accf4ca4fb8748ab16b3
  depends:
  - python >=3.9
  - python
  license: MIT
  license_family: MIT
  size: 18455
  timestamp: 1753199211006
- conda: https://conda.anaconda.org/conda-forge/linux-64/tk-8.6.13-noxft_hd70dff1_3.conda
  build_number: 103
  sha256: 43624eab22f5f29df7d6ffe914cf442f28fd559b55b290906255492826e636e8
  md5: 48a1049e710857572fc2a832aa394d9f
  depends:
  - __glibc >=2.17,<3.0.a0
  - libgcc >=14
  - libzlib >=1.3.2,<2.0a0
  constrains:
  - xorg-libx11 >=1.8.13,<2.0a0
  license: TCL
  size: 3550916
  timestamp: 1784229071544
- conda: https://conda.anaconda.org/conda-forge/noarch/typing_extensions-4.16.0-pyhcf101f3_0.conda
  sha256: 2d888f90af0686044882c74193ec80a90ec1943145d94a7b1b048958acda1848
  md5: c70ad746c22219b9700931707482992c
  depends:
  - python >=3.10
  - python
  license: PSF-2.0
  license_family: PSF
  size: 52631
  timestamp: 1783002732887
- conda: https://conda.anaconda.org/conda-forge/noarch/tzdata-2026c-h151e31d_0.conda
  sha256: b928c30ddcb0e3f544c6eade8352737e6e610e263276b90232db6a578ef899d8
  md5: fcb489df604d100968b737f2cb6076c6
  license: LicenseRef-Public-Domain
  size: 118849
  timestamp: 1784250406640
- conda: https://conda.anaconda.org/conda-forge/linux-64/ukkonen-1.1.0-py313h7037e92_0.conda
  sha256: 7f2e4f38e57c17858c644259a1be868d6e98780239fd93bfa057cb5cfc24a928
  md5: cb423e0853b3dde2b3738db4dedf5ba2
  depends:
  - __glibc >=2.17,<3.0.a0
  - cffi
  - libgcc >=14
  - libstdcxx >=14
  - python >=3.13,<3.14.0a0
  - python_abi 3.13.* *_cp313
  license: MIT
  license_family: MIT
  size: 14910
  timestamp: 1769438729201
- conda: https://conda.anaconda.org/conda-forge/noarch/urllib3-1.26.20-pyhd8ed1ab_0.conda
  sha256: 97aa149dfac27182d1fc8f7990f7c894a0167180e3edb6e7c6bdbcd7845bb854
  md5: 0511ede4b6dd034d77fa80c6d09794e1
  depends:
  - brotli-python >=1.0.9
  - pysocks >=1.5.6,<2.0,!=1.5.7
  - python >=3.10
  license: MIT
  license_family: MIT
  size: 115586
  timestamp: 1761321225593
- conda: https://conda.anaconda.org/conda-forge/noarch/virtualenv-21.7.1-pyhcf101f3_0.conda
  sha256: 95a8f25bfa5505687d25913f20b1888e9512d9cd1ecc7776c1f4497654abeac2
  md5: a7e130692c42435160dd8a9071ea40d9
  depends:
  - python >=3.10
  - distlib >=0.3.7,<1
  - filelock <4,>=3.24.2
  - importlib-metadata >=6.6
  - platformdirs >=3.9.1,<5
  - python-discovery >=1.4.2
  - typing_extensions >=4.13.2
  - python
  license: MIT
  size: 3742229
  timestamp: 1785500010854
- conda: https://conda.anaconda.org/conda-forge/linux-64/yaml-0.2.5-h280c20c_3.conda
  sha256: 6d9ea2f731e284e9316d95fa61869fe7bbba33df7929f82693c121022810f4ad
  md5: a77f85f77be52ff59391544bfe73390a
  depends:
  - libgcc >=14
  - __glibc >=2.17,<3.0.a0
  license: MIT
  license_family: MIT
  size: 85189
  timestamp: 1753484064210
- conda: https://conda.anaconda.org/conda-forge/noarch/yamllint-1.38.0-pyhcf101f3_1.conda
  sha256: 7f5bcc0f059c607ccd65fa1b82d8b369c2598a6e86c31f7a4995bc2f2753e2eb
  md5: db30cb6c0910cc35e35d3955cf373df2
  depends:
  - pathspec >=1.0.0
  - python >=3.10
  - pyyaml
  - python
  license: GPL-3.0-or-later
  license_family: GPL
  size: 111901
  timestamp: 1770937575481
- conda: https://conda.anaconda.org/conda-forge/noarch/zipp-4.1.0-pyhcf101f3_0.conda
  sha256: 210bd31c22bb88f5e2a167df24c95bb5f152b2ada7502f9b8c49d1f5366db423
  md5: ba3dcdc8584155c97c648ae9c044b7a3
  depends:
  - python >=3.10
  - python
  license: MIT
  license_family: MIT
  size: 24190
  timestamp: 1779159948016
- conda: https://conda.anaconda.org/conda-forge/linux-64/zlib-1.3.2-h25fd6f3_3.conda
  sha256: 16080a1c7724f7d25727cdc23c7658e0cec2db52448c1dc0c33467ee2c6e1c62
  md5: 6acb86426229f96f93e5468d1df3a5e8
  depends:
  - __glibc >=2.17,<3.0.a0
  - libzlib 1.3.2 h25fd6f3_3
  license: Zlib
  license_family: Other
  size: 96132
  timestamp: 1785362957588
- conda: https://conda.anaconda.org/conda-forge/linux-64/zstd-1.5.7-hb78ec9c_6.conda
  sha256: 68f0206ca6e98fea941e5717cec780ed2873ffabc0e1ed34428c061e2c6268c7
  md5: 4a13eeac0b5c8e5b8ab496e6c4ddd829
  depends:
  - __glibc >=2.17,<3.0.a0
  - libzlib >=1.3.1,<2.0a0
  license: BSD-3-Clause
  license_family: BSD
  size: 601375
  timestamp: 1764777111296
